{
  "R": {
    "Version": "4.1.2",
    "Repositories": [
      {
        "Name": "CRAN",
        "URL": "https://cran.rstudio.com"
      }
    ]
  },
  "Packages": {
    "MASS": {
      "Package": "MASS",
      "Version": "7.3-55",
      "Source": "CRAN",
      "Repository": "CRAN",
      "RemoteType": "standard",
      "RemotePkgRef": "MASS",
      "RemoteRef": "MASS",
      "RemoteRepos": "https://cran.rstudio.com",
      "RemotePkgPlatform": "i386+x86_64-w64-mingw32",
      "RemoteSha": "7.3-55",
      "Hash": "c5232ffb549f6d7a04a152c34ca1353d",
      "Requirements": []
    },
    "Matrix": {
      "Package": "Matrix",
      "Version": "1.4-0",
      "Source": "CRAN",
      "Repository": "CRAN",
      "RemoteType": "standard",
      "RemotePkgRef": "Matrix",
      "RemoteRef": "Matrix",
      "RemoteRepos": "https://cran.rstudio.com",
      "RemotePkgPlatform": "i386+x86_64-w64-mingw32",
      "RemoteSha": "1.4-0",
      "Hash": "130c0caba175739d98f2963c6a407cf6",
      "Requirements": []
    },
    "R6": {
      "Package": "R6",
      "Version": "2.5.1",
      "Source": "CRAN",
      "Repository": "CRAN",
      "RemoteType": "standard",
      "RemotePkgRef": "R6",
      "RemoteRef": "R6",
      "RemoteRepos": "https://cran.rstudio.com",
      "RemotePkgPlatform": "i386+x86_64-w64-mingw32",
      "RemoteSha": "2.5.1",
      "Hash": "470851b6d5d0ac559e9d01bb352b4021",
      "Requirements": []
    },
    "RColorBrewer": {
      "Package": "RColorBrewer",
      "Version": "1.1-2",
      "Source": "CRAN",
      "Repository": "CRAN",
      "RemoteType": "standard",
      "RemotePkgRef": "RColorBrewer",
      "RemoteRef": "RColorBrewer",
      "RemoteRepos": "https://cran.rstudio.com",
      "RemotePkgPlatform": "i386+x86_64-w64-mingw32",
      "RemoteSha": "1.1-2",
      "Hash": "e031418365a7f7a766181ab5a41a5716",
      "Requirements": []
    },
    "Rcpp": {
      "Package": "Rcpp",
      "Version": "1.0.8",
      "Source": "CRAN",
      "Repository": "CRAN",
      "RemoteType": "standard",
      "RemotePkgRef": "Rcpp",
      "RemoteRef": "Rcpp",
      "RemoteRepos": "https://cran.rstudio.com",
      "RemotePkgPlatform": "i386+x86_64-w64-mingw32",
      "RemoteSha": "1.0.8",
      "Hash": "22b546dd7e337f6c0c58a39983a496bc",
      "Requirements": []
    },
    "backports": {
      "Package": "backports",
      "Version": "1.4.1",
      "Source": "CRAN",
      "Repository": "CRAN",
      "RemoteType": "standard",
      "RemotePkgRef": "backports",
      "RemoteRef": "backports",
      "RemoteRepos": "https://cran.rstudio.com",
      "RemotePkgPlatform": "i386+x86_64-w64-mingw32",
      "RemoteSha": "1.4.1",
      "Hash": "c39fbec8a30d23e721980b8afb31984c",
      "Requirements": []
    },
    "bit": {
      "Package": "bit",
      "Version": "4.0.4",
      "Source": "CRAN",
      "Repository": "CRAN",
      "RemoteType": "standard",
      "RemotePkgRef": "bit",
      "RemoteRef": "bit",
      "RemoteRepos": "https://cran.rstudio.com",
      "RemotePkgPlatform": "i386+x86_64-w64-mingw32",
      "RemoteSha": "4.0.4",
      "Hash": "f36715f14d94678eea9933af927bc15d",
      "Requirements": []
    },
    "bit64": {
      "Package": "bit64",
      "Version": "4.0.5",
      "Source": "CRAN",
      "Repository": "CRAN",
      "RemoteType": "standard",
      "RemotePkgRef": "bit64",
      "RemoteRef": "bit64",
      "RemoteRepos": "https://cran.rstudio.com",
      "RemotePkgPlatform": "i386+x86_64-w64-mingw32",
      "RemoteSha": "4.0.5",
      "Hash": "9fe98599ca456d6552421db0d6772d8f",
      "Requirements": []
    },
    "broom": {
      "Package": "broom",
      "Version": "0.7.12",
      "Source": "CRAN",
      "Repository": "CRAN",
      "RemoteType": "standard",
      "RemotePkgRef": "broom",
      "RemoteRef": "broom",
      "RemoteRepos": "https://cran.rstudio.com",
      "RemotePkgPlatform": "i386+x86_64-w64-mingw32",
      "RemoteSha": "0.7.12",
      "Hash": "bfa8a039d77ae8d5413254e572c8abea",
      "Requirements": []
    },
    "broom.mixed": {
      "Package": "broom.mixed",
      "Version": "0.2.7",
      "Source": "CRAN",
      "Repository": "CRAN",
      "RemoteType": "standard",
      "RemotePkgRef": "broom.mixed",
      "RemoteRef": "broom.mixed",
      "RemoteRepos": "https://cran.rstudio.com",
      "RemotePkgPlatform": "i386+x86_64-w64-mingw32",
      "RemoteSha": "0.2.7",
      "Hash": "21e67b67356e9b0ee4b89a0315401152",
      "Requirements": []
    },
    "cli": {
      "Package": "cli",
      "Version": "3.1.1",
      "Source": "CRAN",
      "Repository": "CRAN",
      "RemoteType": "standard",
      "RemotePkgRef": "cli",
      "RemoteRef": "cli",
      "RemoteRepos": "https://cran.rstudio.com",
      "RemotePkgPlatform": "i386+x86_64-w64-mingw32",
      "RemoteSha": "3.1.1",
      "Hash": "da5160e769a652e3ec7111d63883f9bc",
      "Requirements": []
    },
    "clipr": {
      "Package": "clipr",
      "Version": "0.7.1",
      "Source": "CRAN",
      "Repository": "CRAN",
      "RemoteType": "standard",
      "RemotePkgRef": "clipr",
      "RemoteRef": "clipr",
      "RemoteRepos": "https://cran.rstudio.com",
      "RemotePkgPlatform": "i386+x86_64-w64-mingw32",
      "RemoteSha": "0.7.1",
      "Hash": "ebaa97ac99cc2daf04e77eecc7b781d7",
      "Requirements": []
    },
    "coda": {
      "Package": "coda",
      "Version": "0.19-4",
      "Source": "CRAN",
      "Repository": "CRAN",
      "RemoteType": "standard",
      "RemotePkgRef": "coda",
      "RemoteRef": "coda",
      "RemoteRepos": "https://cran.rstudio.com",
      "RemotePkgPlatform": "i386+x86_64-w64-mingw32",
      "RemoteSha": "0.19-4",
      "Hash": "24b6d006b8b2343876cf230687546932",
      "Requirements": []
    },
    "codetools": {
      "Package": "codetools",
      "Version": "0.2-18",
      "Source": "Repository",
      "Repository": "CRAN",
      "Hash": "019388fc48e48b3da0d3a76ff94608a8",
      "Requirements": []
    },
    "colorspace": {
      "Package": "colorspace",
      "Version": "2.0-2",
      "Source": "CRAN",
      "Repository": "CRAN",
      "RemoteType": "standard",
      "RemotePkgRef": "colorspace",
      "RemoteRef": "colorspace",
      "RemoteRepos": "https://cran.rstudio.com",
      "RemotePkgPlatform": "i386+x86_64-w64-mingw32",
      "RemoteSha": "2.0-2",
      "Hash": "6baccb763ee83c0bd313460fdb8b8a84",
      "Requirements": []
    },
    "cpp11": {
      "Package": "cpp11",
      "Version": "0.4.2",
      "Source": "CRAN",
      "Repository": "CRAN",
      "RemoteType": "standard",
      "RemotePkgRef": "cpp11",
      "RemoteRef": "cpp11",
      "RemoteRepos": "https://cran.rstudio.com",
      "RemotePkgPlatform": "i386+x86_64-w64-mingw32",
      "RemoteSha": "0.4.2",
      "Hash": "fa53ce256cd280f468c080a58ea5ba8c",
      "Requirements": []
    },
    "crayon": {
      "Package": "crayon",
      "Version": "1.4.2",
      "Source": "CRAN",
      "Repository": "CRAN",
      "RemoteType": "standard",
      "RemotePkgRef": "crayon",
      "RemoteRef": "crayon",
      "RemoteRepos": "https://cran.rstudio.com",
      "RemotePkgPlatform": "i386+x86_64-w64-mingw32",
      "RemoteSha": "1.4.2",
      "Hash": "0a6a65d92bd45b47b94b84244b528d17",
      "Requirements": []
    },
    "data.table": {
      "Package": "data.table",
      "Version": "1.14.2",
      "Source": "CRAN",
      "Repository": "CRAN",
      "RemoteType": "standard",
      "RemotePkgRef": "data.table",
      "RemoteRef": "data.table",
      "RemoteRepos": "https://cran.rstudio.com",
      "RemotePkgPlatform": "i386+x86_64-w64-mingw32",
      "RemoteSha": "1.14.2",
      "Hash": "36b67b5adf57b292923f5659f5f0c853",
      "Requirements": []
    },
    "digest": {
      "Package": "digest",
      "Version": "0.6.29",
      "Source": "CRAN",
      "Repository": "CRAN",
      "RemoteType": "standard",
      "RemotePkgRef": "digest",
      "RemoteRef": "digest",
      "RemoteRepos": "https://cran.rstudio.com",
      "RemotePkgPlatform": "i386+x86_64-w64-mingw32",
      "RemoteSha": "0.6.29",
      "Hash": "cf6b206a045a684728c3267ef7596190",
      "Requirements": []
    },
    "doParallel": {
      "Package": "doParallel",
      "Version": "1.0.16",
      "Source": "CRAN",
      "Repository": "CRAN",
      "RemoteType": "standard",
      "RemotePkgRef": "doParallel",
      "RemoteRef": "doParallel",
      "RemoteRepos": "https://cran.rstudio.com",
      "RemotePkgPlatform": "i386+x86_64-w64-mingw32",
      "RemoteSha": "1.0.16",
      "Hash": "2dc413572eb42475179bfe0afabd2adf",
      "Requirements": []
    },
    "dplyr": {
      "Package": "dplyr",
      "Version": "1.0.7",
      "Source": "CRAN",
      "Repository": "CRAN",
      "RemoteType": "standard",
      "RemotePkgRef": "dplyr",
      "RemoteRef": "dplyr",
      "RemoteRepos": "https://cran.rstudio.com",
      "RemotePkgPlatform": "i386+x86_64-w64-mingw32",
      "RemoteSha": "1.0.7",
      "Hash": "36f1ae62f026c8ba9f9b5c9a08c03297",
      "Requirements": []
    },
    "ellipsis": {
      "Package": "ellipsis",
      "Version": "0.3.2",
      "Source": "CRAN",
      "Repository": "CRAN",
      "RemoteType": "standard",
      "RemotePkgRef": "ellipsis",
      "RemoteRef": "ellipsis",
      "RemoteRepos": "https://cran.rstudio.com",
      "RemotePkgPlatform": "i386+x86_64-w64-mingw32",
      "RemoteSha": "0.3.2",
      "Hash": "bb0eec2fe32e88d9e2836c2f73ea2077",
      "Requirements": []
    },
    "fansi": {
      "Package": "fansi",
      "Version": "1.0.2",
      "Source": "CRAN",
      "Repository": "CRAN",
      "RemoteType": "standard",
      "RemotePkgRef": "fansi",
      "RemoteRef": "fansi",
      "RemoteRepos": "https://cran.rstudio.com",
      "RemotePkgPlatform": "i386+x86_64-w64-mingw32",
      "RemoteSha": "1.0.2",
      "Hash": "f28149c2d7a1342a834b314e95e67260",
      "Requirements": []
    },
    "farver": {
      "Package": "farver",
      "Version": "2.1.0",
      "Source": "CRAN",
      "Repository": "CRAN",
      "RemoteType": "standard",
      "RemotePkgRef": "farver",
      "RemoteRef": "farver",
      "RemoteRepos": "https://cran.rstudio.com",
      "RemotePkgPlatform": "i386+x86_64-w64-mingw32",
      "RemoteSha": "2.1.0",
      "Hash": "c98eb5133d9cb9e1622b8691487f11bb",
      "Requirements": []
    },
    "forcats": {
      "Package": "forcats",
      "Version": "0.5.1",
      "Source": "CRAN",
      "Repository": "CRAN",
      "RemoteType": "standard",
      "RemotePkgRef": "forcats",
      "RemoteRef": "forcats",
      "RemoteRepos": "https://cran.rstudio.com",
      "RemotePkgPlatform": "i386+x86_64-w64-mingw32",
      "RemoteSha": "0.5.1",
      "Hash": "81c3244cab67468aac4c60550832655d",
      "Requirements": []
    },
    "foreach": {
      "Package": "foreach",
      "Version": "1.5.2",
      "Source": "CRAN",
      "Repository": "CRAN",
      "RemoteType": "standard",
      "RemotePkgRef": "foreach",
      "RemoteRef": "foreach",
      "RemoteRepos": "https://cran.rstudio.com",
      "RemotePkgPlatform": "source",
      "RemoteSha": "1.5.2",
      "Hash": "618609b42c9406731ead03adf5379850",
      "Requirements": []
    },
    "generics": {
      "Package": "generics",
      "Version": "0.1.2",
      "Source": "CRAN",
      "Repository": "CRAN",
      "RemoteType": "standard",
      "RemotePkgRef": "generics",
      "RemoteRef": "generics",
      "RemoteRepos": "https://cran.rstudio.com",
      "RemotePkgPlatform": "i386+x86_64-w64-mingw32",
      "RemoteSha": "0.1.2",
      "Hash": "177475892cf4a55865868527654a7741",
      "Requirements": []
    },
    "ggplot2": {
      "Package": "ggplot2",
      "Version": "3.3.5",
      "Source": "CRAN",
      "Repository": "CRAN",
      "RemoteType": "standard",
      "RemotePkgRef": "ggplot2",
      "RemoteRef": "ggplot2",
      "RemoteRepos": "https://cran.rstudio.com",
      "RemotePkgPlatform": "i386+x86_64-w64-mingw32",
      "RemoteSha": "3.3.5",
      "Hash": "d7566c471c7b17e095dd023b9ef155ad",
      "Requirements": []
    },
    "glue": {
      "Package": "glue",
      "Version": "1.6.1",
      "Source": "CRAN",
      "Repository": "CRAN",
      "RemoteType": "standard",
      "RemotePkgRef": "glue",
      "RemoteRef": "glue",
      "RemoteRepos": "https://cran.rstudio.com",
      "RemotePkgPlatform": "i386+x86_64-w64-mingw32",
      "RemoteSha": "1.6.1",
      "Hash": "de07842fc27ebf60e1102091c0c85e47",
      "Requirements": []
    },
    "growthcleanr": {
      "Package": "growthcleanr",
      "Version": "2.0.0",
      "Source": "GitHub",
      "RemoteType": "github",
      "RemoteHost": "api.github.com",
      "RemoteRepo": "growthcleanr",
      "RemoteUsername": "carriedaymont",
      "RemotePkgRef": "carriedaymont/growthcleanr@v2.0.0",
      "RemoteRef": "v2.0.0",
      "RemoteSha": "4c6b05f2cd60b3b0f2c99718d76c4fbb438023e4",
      "Hash": "47138f089420b3384fa908d7c6a10980",
      "Requirements": []
    },
    "gtable": {
      "Package": "gtable",
      "Version": "0.3.0",
      "Source": "CRAN",
      "Repository": "CRAN",
      "RemoteType": "standard",
      "RemotePkgRef": "gtable",
      "RemoteRef": "gtable",
      "RemoteRepos": "https://cran.rstudio.com",
      "RemotePkgPlatform": "i386+x86_64-w64-mingw32",
      "RemoteSha": "0.3.0",
      "Hash": "ac5c6baf7822ce8732b343f14c072c4d",
      "Requirements": []
    },
    "haven": {
      "Package": "haven",
      "Version": "2.4.3",
      "Source": "CRAN",
      "Repository": "CRAN",
      "RemoteType": "standard",
      "RemotePkgRef": "haven",
      "RemoteRef": "haven",
      "RemoteRepos": "https://cran.rstudio.com",
      "RemotePkgPlatform": "i386+x86_64-w64-mingw32",
      "RemoteSha": "2.4.3",
      "Hash": "10bec8a8264f3eb59531e8c4c0303f96",
      "Requirements": []
    },
    "hms": {
      "Package": "hms",
      "Version": "1.1.1",
      "Source": "CRAN",
      "Repository": "CRAN",
      "RemoteType": "standard",
      "RemotePkgRef": "hms",
      "RemoteRef": "hms",
      "RemoteRepos": "https://cran.rstudio.com",
      "RemotePkgPlatform": "i386+x86_64-w64-mingw32",
      "RemoteSha": "1.1.1",
      "Hash": "5b8a2dd0fdbe2ab4f6081e6c7be6dfca",
      "Requirements": []
    },
    "isoband": {
      "Package": "isoband",
      "Version": "0.2.5",
      "Source": "CRAN",
      "Repository": "CRAN",
      "RemoteType": "standard",
      "RemotePkgRef": "isoband",
      "RemoteRef": "isoband",
      "RemoteRepos": "https://cran.rstudio.com",
      "RemotePkgPlatform": "i386+x86_64-w64-mingw32",
      "RemoteSha": "0.2.5",
      "Hash": "7ab57a6de7f48a8dc84910d1eca42883",
      "Requirements": []
    },
    "iterators": {
      "Package": "iterators",
      "Version": "1.0.13",
      "Source": "CRAN",
      "Repository": "CRAN",
      "RemoteType": "standard",
      "RemotePkgRef": "iterators",
      "RemoteRef": "iterators",
      "RemoteRepos": "https://cran.rstudio.com",
      "RemotePkgPlatform": "i386+x86_64-w64-mingw32",
      "RemoteSha": "1.0.13",
      "Hash": "64778782a89480e9a644f69aad9a2877",
      "Requirements": []
    },
    "labeling": {
      "Package": "labeling",
      "Version": "0.4.2",
      "Source": "CRAN",
      "Repository": "CRAN",
      "RemoteType": "standard",
      "RemotePkgRef": "labeling",
      "RemoteRef": "labeling",
      "RemoteRepos": "https://cran.rstudio.com",
      "RemotePkgPlatform": "i386+x86_64-w64-mingw32",
      "RemoteSha": "0.4.2",
      "Hash": "3d5108641f47470611a32d0bdf357a72",
      "Requirements": []
    },
    "labelled": {
      "Package": "labelled",
      "Version": "2.9.0",
      "Source": "CRAN",
      "Repository": "CRAN",
      "RemoteType": "standard",
      "RemotePkgRef": "labelled",
      "RemoteRef": "labelled",
      "RemoteRepos": "https://cran.rstudio.com",
      "RemotePkgPlatform": "i386+x86_64-w64-mingw32",
      "RemoteSha": "2.9.0",
      "Hash": "d3eb15eccdf131238f2184eed2a7fa9c",
      "Requirements": []
    },
    "lattice": {
      "Package": "lattice",
      "Version": "0.20-45",
      "Source": "Repository",
      "Repository": "CRAN",
      "Hash": "b64cdbb2b340437c4ee047a1f4c4377b",
      "Requirements": []
    },
    "lifecycle": {
      "Package": "lifecycle",
      "Version": "1.0.1",
      "Source": "CRAN",
      "Repository": "CRAN",
      "RemoteType": "standard",
      "RemotePkgRef": "lifecycle",
      "RemoteRef": "lifecycle",
      "RemoteRepos": "https://cran.rstudio.com",
      "RemotePkgPlatform": "i386+x86_64-w64-mingw32",
      "RemoteSha": "1.0.1",
      "Hash": "a6b6d352e3ed897373ab19d8395c98d0",
      "Requirements": []
    },
    "magrittr": {
      "Package": "magrittr",
      "Version": "2.0.2",
      "Source": "CRAN",
      "Repository": "CRAN",
      "RemoteType": "standard",
      "RemotePkgRef": "magrittr",
      "RemoteRef": "magrittr",
      "RemoteRepos": "https://cran.rstudio.com",
      "RemotePkgPlatform": "i386+x86_64-w64-mingw32",
      "RemoteSha": "2.0.2",
      "Hash": "cdc87ecd81934679d1557633d8e1fe51",
      "Requirements": []
    },
    "mgcv": {
      "Package": "mgcv",
      "Version": "1.8-38",
      "Source": "Repository",
      "Repository": "CRAN",
      "Hash": "be3c61ffbb1e3d3b3df214d192ac5444",
      "Requirements": []
    },
    "munsell": {
      "Package": "munsell",
      "Version": "0.5.0",
      "Source": "CRAN",
      "Repository": "CRAN",
      "RemoteType": "standard",
      "RemotePkgRef": "munsell",
      "RemoteRef": "munsell",
      "RemoteRepos": "https://cran.rstudio.com",
      "RemotePkgPlatform": "i386+x86_64-w64-mingw32",
      "RemoteSha": "0.5.0",
      "Hash": "6dfe8bf774944bd5595785e3229d8771",
      "Requirements": []
    },
    "nlme": {
      "Package": "nlme",
      "Version": "3.1-155",
      "Source": "CRAN",
      "Repository": "CRAN",
      "RemoteType": "standard",
      "RemotePkgRef": "nlme",
      "RemoteRef": "nlme",
      "RemoteRepos": "https://cran.rstudio.com",
      "RemotePkgPlatform": "i386+x86_64-w64-mingw32",
      "RemoteSha": "3.1-155",
      "Hash": "74ad940dccc9e977189a5afe5fcdb7ba",
      "Requirements": []
    },
    "patchwork": {
      "Package": "patchwork",
      "Version": "1.1.1",
      "Source": "CRAN",
      "Repository": "CRAN",
      "RemoteType": "standard",
      "RemotePkgRef": "patchwork",
      "RemoteRef": "patchwork",
      "RemoteRepos": "https://cran.rstudio.com",
      "RemotePkgPlatform": "i386+x86_64-w64-mingw32",
      "RemoteSha": "1.1.1",
      "Hash": "c446b30cb33ec125ff02588b60660ccb",
      "Requirements": []
    },
    "pillar": {
      "Package": "pillar",
      "Version": "1.7.0",
      "Source": "CRAN",
      "Repository": "CRAN",
      "RemoteType": "standard",
      "RemotePkgRef": "pillar",
      "RemoteRef": "pillar",
      "RemoteRepos": "https://cran.rstudio.com",
      "RemotePkgPlatform": "i386+x86_64-w64-mingw32",
      "RemoteSha": "1.7.0",
      "Hash": "51dfc97e1b7069e9f7e6f83f3589c22e",
      "Requirements": []
    },
    "pkgconfig": {
      "Package": "pkgconfig",
      "Version": "2.0.3",
      "Source": "CRAN",
      "Repository": "CRAN",
      "RemoteType": "standard",
      "RemotePkgRef": "pkgconfig",
      "RemoteRef": "pkgconfig",
      "RemoteRepos": "https://cran.rstudio.com",
      "RemotePkgPlatform": "i386+x86_64-w64-mingw32",
      "RemoteSha": "2.0.3",
      "Hash": "01f28d4278f15c76cddbea05899c5d6f",
      "Requirements": []
    },
    "plyr": {
      "Package": "plyr",
      "Version": "1.8.6",
      "Source": "CRAN",
      "Repository": "CRAN",
      "RemoteType": "standard",
      "RemotePkgRef": "plyr",
      "RemoteRef": "plyr",
      "RemoteRepos": "https://cran.rstudio.com",
      "RemotePkgPlatform": "i386+x86_64-w64-mingw32",
      "RemoteSha": "1.8.6",
      "Hash": "ec0e5ab4e5f851f6ef32cd1d1984957f",
      "Requirements": []
    },
    "prettyunits": {
      "Package": "prettyunits",
      "Version": "1.1.1",
      "Source": "CRAN",
      "Repository": "CRAN",
      "RemoteType": "standard",
      "RemotePkgRef": "prettyunits",
      "RemoteRef": "prettyunits",
      "RemoteRepos": "https://cran.rstudio.com",
      "RemotePkgPlatform": "i386+x86_64-w64-mingw32",
      "RemoteSha": "1.1.1",
      "Hash": "95ef9167b75dde9d2ccc3c7528393e7e",
      "Requirements": []
    },
    "progress": {
      "Package": "progress",
      "Version": "1.2.2",
      "Source": "CRAN",
      "Repository": "CRAN",
      "RemoteType": "standard",
      "RemotePkgRef": "progress",
      "RemoteRef": "progress",
      "RemoteRepos": "https://cran.rstudio.com",
      "RemotePkgPlatform": "i386+x86_64-w64-mingw32",
      "RemoteSha": "1.2.2",
      "Hash": "14dc9f7a3c91ebb14ec5bb9208a07061",
      "Requirements": []
    },
    "purrr": {
      "Package": "purrr",
      "Version": "0.3.4",
      "Source": "CRAN",
      "Repository": "CRAN",
      "RemoteType": "standard",
      "RemotePkgRef": "purrr",
      "RemoteRef": "purrr",
      "RemoteRepos": "https://cran.rstudio.com",
      "RemotePkgPlatform": "i386+x86_64-w64-mingw32",
      "RemoteSha": "0.3.4",
      "Hash": "97def703420c8ab10d8f0e6c72101e02",
      "Requirements": []
    },
    "readr": {
      "Package": "readr",
      "Version": "2.1.2",
      "Source": "CRAN",
      "Repository": "CRAN",
      "RemoteType": "standard",
      "RemotePkgRef": "readr",
      "RemoteRef": "readr",
      "RemoteRepos": "https://cran.rstudio.com",
      "RemotePkgPlatform": "i386+x86_64-w64-mingw32",
      "RemoteSha": "2.1.2",
      "Hash": "9c59de1357dc209868b5feb5c9f0fe2f",
      "Requirements": []
    },
    "renv": {
      "Package": "renv",
      "Version": "0.15.2",
      "Source": "Repository",
      "Requirements": []
    },
    "rlang": {
      "Package": "rlang",
      "Version": "1.0.0",
      "Source": "CRAN",
      "Repository": "CRAN",
      "RemoteType": "standard",
      "RemotePkgRef": "rlang",
      "RemoteRef": "rlang",
      "RemoteRepos": "https://cran.rstudio.com",
      "RemotePkgPlatform": "i386+x86_64-w64-mingw32",
      "RemoteSha": "1.0.0",
      "Hash": "ec923a35ba44bc86fbf95dacaccf65da",
      "Requirements": []
    },
    "scales": {
      "Package": "scales",
      "Version": "1.1.1",
      "Source": "CRAN",
      "Repository": "CRAN",
      "RemoteType": "standard",
      "RemotePkgRef": "scales",
      "RemoteRef": "scales",
      "RemoteRepos": "https://cran.rstudio.com",
      "RemotePkgPlatform": "i386+x86_64-w64-mingw32",
      "RemoteSha": "1.1.1",
      "Hash": "6f76f71042411426ec8df6c54f34e6dd",
      "Requirements": []
    },
    "stringi": {
      "Package": "stringi",
      "Version": "1.7.6",
      "Source": "CRAN",
      "Repository": "CRAN",
      "RemoteType": "standard",
      "RemotePkgRef": "stringi",
      "RemoteRef": "stringi",
      "RemoteRepos": "https://cran.rstudio.com",
      "RemotePkgPlatform": "i386+x86_64-w64-mingw32",
      "RemoteSha": "1.7.6",
      "Hash": "bba431031d30789535745a9627ac9271",
      "Requirements": []
    },
    "stringr": {
      "Package": "stringr",
      "Version": "1.4.0",
      "Source": "CRAN",
      "Repository": "CRAN",
      "RemoteType": "standard",
      "RemotePkgRef": "stringr",
      "RemoteRef": "stringr",
      "RemoteRepos": "https://cran.rstudio.com",
      "RemotePkgPlatform": "i386+x86_64-w64-mingw32",
      "RemoteSha": "1.4.0",
      "Hash": "0759e6b6c0957edb1311028a49a35e76",
      "Requirements": []
    },
    "tibble": {
      "Package": "tibble",
      "Version": "3.1.6",
      "Source": "CRAN",
      "Repository": "CRAN",
      "RemoteType": "standard",
      "RemotePkgRef": "tibble",
      "RemoteRef": "tibble",
      "RemoteRepos": "https://cran.rstudio.com",
      "RemotePkgPlatform": "i386+x86_64-w64-mingw32",
      "RemoteSha": "3.1.6",
      "Hash": "8a8f02d1934dfd6431c671361510dd0b",
      "Requirements": []
    },
    "tidyr": {
      "Package": "tidyr",
      "Version": "1.2.0",
      "Source": "CRAN",
      "Repository": "CRAN",
      "RemoteType": "standard",
      "RemotePkgRef": "tidyr",
      "RemoteRef": "tidyr",
      "RemoteRepos": "https://cran.rstudio.com",
      "RemotePkgPlatform": "i386+x86_64-w64-mingw32",
      "RemoteSha": "1.2.0",
      "Hash": "d8b95b7fee945d7da6888cf7eb71a49c",
      "Requirements": []
    },
    "tidyselect": {
      "Package": "tidyselect",
      "Version": "1.1.1",
      "Source": "CRAN",
      "Repository": "CRAN",
      "RemoteType": "standard",
      "RemotePkgRef": "tidyselect",
      "RemoteRef": "tidyselect",
      "RemoteRepos": "https://cran.rstudio.com",
      "RemotePkgPlatform": "i386+x86_64-w64-mingw32",
      "RemoteSha": "1.1.1",
      "Hash": "7243004a708d06d4716717fa1ff5b2fe",
      "Requirements": []
    },
    "tzdb": {
      "Package": "tzdb",
      "Version": "0.2.0",
      "Source": "CRAN",
      "Repository": "CRAN",
      "RemoteType": "standard",
      "RemotePkgRef": "tzdb",
      "RemoteRef": "tzdb",
      "RemoteRepos": "https://cran.rstudio.com",
      "RemotePkgPlatform": "i386+x86_64-w64-mingw32",
      "RemoteSha": "0.2.0",
      "Hash": "5e069fb033daf2317bd628d3100b75c5",
      "Requirements": []
    },
    "utf8": {
      "Package": "utf8",
      "Version": "1.2.2",
      "Source": "CRAN",
      "Repository": "CRAN",
      "RemoteType": "standard",
      "RemotePkgRef": "utf8",
      "RemoteRef": "utf8",
      "RemoteRepos": "https://cran.rstudio.com",
      "RemotePkgPlatform": "i386+x86_64-w64-mingw32",
      "RemoteSha": "1.2.2",
      "Hash": "c9c462b759a5cc844ae25b5942654d13",
      "Requirements": []
    },
    "vctrs": {
      "Package": "vctrs",
      "Version": "0.3.8",
      "Source": "CRAN",
      "Repository": "CRAN",
      "RemoteType": "standard",
      "RemotePkgRef": "vctrs",
      "RemoteRef": "vctrs",
      "RemoteRepos": "https://cran.rstudio.com",
      "RemotePkgPlatform": "i386+x86_64-w64-mingw32",
      "RemoteSha": "0.3.8",
      "Hash": "ecf749a1b39ea72bd9b51b76292261f1",
      "Requirements": []
    },
    "viridisLite": {
      "Package": "viridisLite",
      "Version": "0.4.0",
      "Source": "CRAN",
      "Repository": "CRAN",
      "RemoteType": "standard",
      "RemotePkgRef": "viridisLite",
      "RemoteRef": "viridisLite",
      "RemoteRepos": "https://cran.rstudio.com",
      "RemotePkgPlatform": "i386+x86_64-w64-mingw32",
      "RemoteSha": "0.4.0",
      "Hash": "55e157e2aa88161bdb0754218470d204",
      "Requirements": []
    },
    "vroom": {
      "Package": "vroom",
      "Version": "1.5.7",
      "Source": "CRAN",
      "Repository": "CRAN",
      "RemoteType": "standard",
      "RemotePkgRef": "vroom",
      "RemoteRef": "vroom",
      "RemoteRepos": "https://cran.rstudio.com",
      "RemotePkgPlatform": "i386+x86_64-w64-mingw32",
      "RemoteSha": "1.5.7",
      "Hash": "976507b5a105bc3bdf6a5a5f29e0684f",
      "Requirements": []
    },
    "withr": {
      "Package": "withr",
      "Version": "2.4.3",
      "Source": "CRAN",
      "Repository": "CRAN",
      "RemoteType": "standard",
      "RemotePkgRef": "withr",
      "RemoteRef": "withr",
      "RemoteRepos": "https://cran.rstudio.com",
      "RemotePkgPlatform": "i386+x86_64-w64-mingw32",
      "RemoteSha": "2.4.3",
      "Hash": "a376b424c4817cda4920bbbeb3364e85",
      "Requirements": []
    }
  }
}
